{
  "name": "new_proj",
  "version": "1.0.0",
  "lockfileVersion": 1,
  "requires": true,
  "dependencies": {
    "@angular/common": {
      "version": "5.2.11",
      "resolved": "https://registry.npmjs.org/@angular/common/-/common-5.2.11.tgz",
      "integrity": "sha512-LniJjGAeftUJDJh+2+LEjltcGen08C/VMxQ/eUYmesytKy1sN+MWzh3GbpKfEWtWmyUsYTG9lAAJNo3L3jPwsw==",
      "requires": {
        "tslib": "^1.7.1"
      }
    },
    "@angular/compiler": {
      "version": "5.2.11",
      "resolved": "https://registry.npmjs.org/@angular/compiler/-/compiler-5.2.11.tgz",
      "integrity": "sha512-ICvB1ud1mxaXUYLb8vhJqiLhGBVocAZGxoHTglv6hMkbrRYcnlB3FZJFOzBvtj+krkd1jamoYLI43UAmesqQ6Q==",
      "requires": {
        "tslib": "^1.7.1"
      }
    },
    "@angular/core": {
      "version": "5.2.11",
      "resolved": "https://registry.npmjs.org/@angular/core/-/core-5.2.11.tgz",
      "integrity": "sha512-h2vpvXNAdOqKzbVaZcHnHGMT5A8uDnizk6FgGq6SPyw9s3d+/VxZ9LJaPjUk3g2lICA7og1tUel+2YfF971MlQ==",
      "requires": {
        "tslib": "^1.7.1"
      }
    },
    "@angular/forms": {
      "version": "5.2.10",
      "resolved": "https://registry.npmjs.org/@angular/forms/-/forms-5.2.10.tgz",
      "integrity": "sha512-XQR4cd1Eey9aDT3CxQ6pbBWSBEg1408ZV/EUblKgMgt4k8PfDiuLSbF+MI/TOYAg3UkcVAxN1no4hWtkou8Rpw==",
      "requires": {
        "tslib": "^1.7.1"
      }
    },
    "@angular/platform-browser": {
      "version": "5.2.11",
      "resolved": "https://registry.npmjs.org/@angular/platform-browser/-/platform-browser-5.2.11.tgz",
      "integrity": "sha512-6YZ4IpBFqXx88vEzBZG2WWnaSYXbFWDgG0iT+bZPHAfwsbmqbcMcs7Ogu+XZ4VmK02dTqbrFh7U4P2W+sqrzow==",
      "requires": {
        "tslib": "^1.7.1"
      }
    },
    "@angular/platform-browser-dynamic": {
      "version": "5.2.11",
      "resolved": "https://registry.npmjs.org/@angular/platform-browser-dynamic/-/platform-browser-dynamic-5.2.11.tgz",
      "integrity": "sha512-5kKPNULcXNwkyBjpHfF+pq+Yxi8Zl866YSOK9t8txoiQ9Ctw97kMkEJcTetk6MJgBp/NP3YyjtoTAm8oXLerug==",
      "requires": {
        "tslib": "^1.7.1"
      }
    },
    "core-js": {
      "version": "2.5.7",
      "resolved": "https://registry.npmjs.org/core-js/-/core-js-2.5.7.tgz",
      "integrity": "sha512-RszJCAxg/PP6uzXVXL6BsxSXx/B05oJAQ2vkJRjyjrEcNVycaqOmNb5OTxZPE3xa5gwZduqza6L9JOCenh/Ecw=="
    },
    "rxjs": {
      "version": "5.5.12",
      "resolved": "https://registry.npmjs.org/rxjs/-/rxjs-5.5.12.tgz",
      "integrity": "sha512-xx2itnL5sBbqeeiVgNPVuQQ1nC8Jp2WfNJhXWHmElW9YmrpS9UVnNzhP3EH3HFqexO5Tlp8GhYY+WEcqcVMvGw==",
      "requires": {
        "symbol-observable": "1.0.1"
      }
    },
    "symbol-observable": {
      "version": "1.0.1",
      "resolved": "https://registry.npmjs.org/symbol-observable/-/symbol-observable-1.0.1.tgz",
      "integrity": "sha1-g0D8RwLDEi310iKI+IKD9RPT/dQ="
    },
    "systemjs": {
      "version": "0.21.5",
      "resolved": "https://registry.npmjs.org/systemjs/-/systemjs-0.21.5.tgz",
      "integrity": "sha512-GWzZhN/x7Fsae2CYkz2GF7OgOS+YDgKulcgd5L1kTogZHMKDrPx5T8zI8I0y5RoU9Dx78Z7j1XMfuFa1thD84A=="
    },
    "tslib": {
      "version": "1.9.3",
      "resolved": "https://registry.npmjs.org/tslib/-/tslib-1.9.3.tgz",
      "integrity": "sha512-4krF8scpejhaOgqzBEcGM7yDIEfi0/8+8zDRZhNZZ2kjmHJ4hv3zCbQWxoJGz1iw5U0Jl0nma13xzHXcncMavQ=="
    },
    "zone.js": {
      "version": "0.8.26",
      "resolved": "https://registry.npmjs.org/zone.js/-/zone.js-0.8.26.tgz",
      "integrity": "sha512-W9Nj+UmBJG251wkCacIkETgra4QgBo/vgoEkb4a2uoLzpQG7qF9nzwoLXWU5xj3Fg2mxGvEDh47mg24vXccYjA=="
    }
  }
}
